// !$*UTF8*$!
{
	archiveVersion = 1;
	classes = {
	};
	objectVersion = 50;
	objects = {

/* Begin PBXBuildFile section */
		BFACECB92243DD5B00DE4BAF /* AppDelegate.swift in Sources */ = {isa = PBXBuildFile; fileRef = BFACECB82243DD5B00DE4BAF /* AppDelegate.swift */; };
		BFACECBB2243DD5B00DE4BAF /* ViewController.swift in Sources */ = {isa = PBXBuildFile; fileRef = BFACECBA2243DD5B00DE4BAF /* ViewController.swift */; };
		BFACECBE2243DD5B00DE4BAF /* Main.storyboard in Resources */ = {isa = PBXBuildFile; fileRef = BFACECBC2243DD5B00DE4BAF /* Main.storyboard */; };
		BFACECC02243DD5C00DE4BAF /* Assets.xcassets in Resources */ = {isa = PBXBuildFile; fileRef = BFACECBF2243DD5C00DE4BAF /* Assets.xcassets */; };
		BFACECC32243DD5C00DE4BAF /* LaunchScreen.storyboard in Resources */ = {isa = PBXBuildFile; fileRef = BFACECC12243DD5C00DE4BAF /* LaunchScreen.storyboard */; };
		BFACECE92243DD8D00DE4BAF /* HelloFromObjc.m in Sources */ = {isa = PBXBuildFile; fileRef = BFACECE82243DD8D00DE4BAF /* HelloFromObjc.m */; };
		BFACED09224412DF00DE4BAF /* HelloFromSwift.swift in Sources */ = {isa = PBXBuildFile; fileRef = BFACED08224412DF00DE4BAF /* HelloFromSwift.swift */; };
/* End PBXBuildFile section */

/* Begin PBXFileReference section */
		BFACECB52243DD5B00DE4BAF /* SwiftObjcExample.app */ = {isa = PBXFileReference; explicitFileType = wrapper.application; includeInIndex = 0; path = SwiftObjcExample.app; sourceTree = BUILT_PRODUCTS_DIR; };
		BFACECB82243DD5B00DE4BAF /* AppDelegate.swift */ = {isa = PBXFileReference; lastKnownFileType = sourcecode.swift; path = AppDelegate.swift; sourceTree = "<group>"; };
		BFACECBA2243DD5B00DE4BAF /* ViewController.swift */ = {isa = PBXFileReference; lastKnownFileType = sourcecode.swift; path = ViewController.swift; sourceTree = "<group>"; };
		BFACECBD2243DD5B00DE4BAF /* Base */ = {isa = PBXFileReference; lastKnownFileType = file.storyboard; name = Base; path = Base.lproj/Main.storyboard; sourceTree = "<group>"; };
		BFACECBF2243DD5C00DE4BAF /* Assets.xcassets */ = {isa = PBXFileReference; lastKnownFileType = folder.assetcatalog; path = Assets.xcassets; sourceTree = "<group>"; };
		BFACECC22243DD5C00DE4BAF /* Base */ = {isa = PBXFileReference; lastKnownFileType = file.storyboard; name = Base; path = Base.lproj/LaunchScreen.storyboard; sourceTree = "<group>"; };
		BFACECC42243DD5C00DE4BAF /* Info.plist */ = {isa = PBXFileReference; lastKnownFileType = text.plist.xml; path = Info.plist; sourceTree = "<group>"; };
		BFACECE62243DD8D00DE4BAF /* SwiftObjcExample-Bridging-Header.h */ = {isa = PBXFileReference; lastKnownFileType = sourcecode.c.h; path = "SwiftObjcExample-Bridging-Header.h"; sourceTree = "<group>"; };
		BFACECE72243DD8D00DE4BAF /* HelloFromObjc.h */ = {isa = PBXFileReference; lastKnownFileType = sourcecode.c.h; path = HelloFromObjc.h; sourceTree = "<group>"; };
		BFACECE82243DD8D00DE4BAF /* HelloFromObjc.m */ = {isa = PBXFileReference; lastKnownFileType = sourcecode.c.objc; path = HelloFromObjc.m; sourceTree = "<group>"; };
		BFACED08224412DF00DE4BAF /* HelloFromSwift.swift */ = {isa = PBXFileReference; lastKnownFileType = sourcecode.swift; path = HelloFromSwift.swift; sourceTree = "<group>"; };
/* End PBXFileReference section */

/* Begin PBXFrameworksBuildPhase section */
		BFACECB22243DD5B00DE4BAF /* Frameworks */ = {
			isa = PBXFrameworksBuildPhase;
			buildActionMask = 2147483647;
			files = (
			);
			runOnlyForDeploymentPostprocessing = 0;
		};
/* End PBXFrameworksBuildPhase section */

/* Begin PBXGroup section */
		BFACECAC2243DD5B00DE4BAF = {
			isa = PBXGroup;
			children = (
				BFACECB72243DD5B00DE4BAF /* SwiftObjcExample */,
				BFACECB62243DD5B00DE4BAF /* Products */,
			);
			sourceTree = "<group>";
		};
		BFACECB62243DD5B00DE4BAF /* Products */ = {
			isa = PBXGroup;
			children = (
				BFACECB52243DD5B00DE4BAF /* SwiftObjcExample.app */,
			);
			name = Products;
			sourceTree = "<group>";
		};
		BFACECB72243DD5B00DE4BAF /* SwiftObjcExample */ = {
			isa = PBXGroup;
			children = (
				BFACECB82243DD5B00DE4BAF /* AppDelegate.swift */,
				BFACECBA2243DD5B00DE4BAF /* ViewController.swift */,
				BFACECBC2243DD5B00DE4BAF /* Main.storyboard */,
				BFACECBF2243DD5C00DE4BAF /* Assets.xcassets */,
				BFACECC12243DD5C00DE4BAF /* LaunchScreen.storyboard */,
				BFACECC42243DD5C00DE4BAF /* Info.plist */,
				BFACECE72243DD8D00DE4BAF /* HelloFromObjc.h */,
				BFACECE82243DD8D00DE4BAF /* HelloFromObjc.m */,
				BFACECE62243DD8D00DE4BAF /* SwiftObjcExample-Bridging-Header.h */,
				BFACED08224412DF00DE4BAF /* HelloFromSwift.swift */,
			);
			path = SwiftObjcExample;
			sourceTree = "<group>";
		};
/* End PBXGroup section */

/* Begin PBXNativeTarget section */
		BFACECB42243DD5B00DE4BAF /* SwiftObjcExample */ = {
			isa = PBXNativeTarget;
			buildConfigurationList = BFACECDD2243DD5C00DE4BAF /* Build configuration list for PBXNativeTarget "SwiftObjcExample" */;
			buildPhases = (
				BFACECB12243DD5B00DE4BAF /* Sources */,
				BFACECB22243DD5B00DE4BAF /* Frameworks */,
				BFACECB32243DD5B00DE4BAF /* Resources */,
			);
			buildRules = (
			);
			dependencies = (
			);
			name = SwiftObjcExample;
			productName = SwiftObjcExample;
			productReference = BFACECB52243DD5B00DE4BAF /* SwiftObjcExample.app */;
			productType = "com.apple.product-type.application";
		};
/* End PBXNativeTarget section */

/* Begin PBXProject section */
		BFACECAD2243DD5B00DE4BAF /* Project object */ = {
			isa = PBXProject;
			attributes = {
				LastSwiftUpdateCheck = 1010;
				LastUpgradeCheck = 1010;
				ORGANIZATIONNAME = "Ralf Ebert";
				TargetAttributes = {
					BFACECB42243DD5B00DE4BAF = {
						CreatedOnToolsVersion = 10.1;
						LastSwiftMigration = 1010;
					};
				};
			};
			buildConfigurationList = BFACECB02243DD5B00DE4BAF /* Build configuration list for PBXProject "SwiftObjcExample" */;
			compatibilityVersion = "Xcode 9.3";
			developmentRegion = en;
			hasScannedForEncodings = 0;
			knownRegions = (
				en,
				Base,
			);
			mainGroup = BFACECAC2243DD5B00DE4BAF;
			productRefGroup = BFACECB62243DD5B00DE4BAF /* Products */;
			projectDirPath = "";
			projectRoot = "";
			targets = (
				BFACECB42243DD5B00DE4BAF /* SwiftObjcExample */,
			);
		};
/* End PBXProject section */

/* Begin PBXResourcesBuildPhase section */
		BFACECB32243DD5B00DE4BAF /* Resources */ = {
			isa = PBXResourcesBuildPhase;
			buildActionMask = 2147483647;
			files = (
				BFACECC32243DD5C00DE4BAF /* LaunchScreen.storyboard in Resources */,
				BFACECC02243DD5C00DE4BAF /* Assets.xcassets in Resources */,
				BFACECBE2243DD5B00DE4BAF /* Main.storyboard in Resources */,
			);
			runOnlyForDeploymentPostprocessing = 0;
		};
/* End PBXResourcesBuildPhase section */

/* Begin PBXSourcesBuildPhase section */
		BFACECB12243DD5B00DE4BAF /* Sources */ = {
			isa = PBXSourcesBuildPhase;
			buildActionMask = 2147483647;
			files = (
				BFACED09224412DF00DE4BAF /* HelloFromSwift.swift in Sources */,
				BFACECE92243DD8D00DE4BAF /* HelloFromObjc.m in Sources */,
				BFACECBB2243DD5B00DE4BAF /* ViewController.swift in Sources */,
				BFACECB92243DD5B00DE4BAF /* AppDelegate.swift in Sources */,
			);
			runOnlyForDeploymentPostprocessing = 0;
		};
/* End PBXSourcesBuildPhase section */

/* Begin PBXVariantGroup section */
		BFACECBC2243DD5B00DE4BAF /* Main.storyboard */ = {
			isa = PBXVariantGroup;
			children = (
				BFACECBD2243DD5B00DE4BAF /* Base */,
			);
			name = Main.storyboard;
			sourceTree = "<group>";
		};
		BFACECC12243DD5C00DE4BAF /* LaunchScreen.storyboard */ = {
			isa = PBXVariantGroup;
			children = (
				BFACECC22243DD5C00DE4BAF /* Base */,
			);
			name = LaunchScreen.storyboard;
			sourceTree = "<group>";
		};
/* End PBXVariantGroup section */

/* Begin XCBuildConfiguration section */
		BFACECDB2243DD5C00DE4BAF /* Debug */ = {
			isa = XCBuildConfiguration;
			buildSettings = {
				ALWAYS_SEARCH_USER_PATHS = NO;
				CLANG_ANALYZER_NONNULL = YES;
				CLANG_ANALYZER_NUMBER_OBJECT_CONVERSION = YES_AGGRESSIVE;
				CLANG_CXX_LANGUAGE_STANDARD = "gnu++14";
				CLANG_CXX_LIBRARY = "libc++";
				CLANG_ENABLE_MODULES = YES;
				CLANG_ENABLE_OBJC_ARC = YES;
				CLANG_ENABLE_OBJC_WEAK = YES;
				CLANG_WARN_BLOCK_CAPTURE_AUTORELEASING = YES;
				CLANG_WARN_BOOL_CONVERSION = YES;
				CLANG_WARN_COMMA = YES;
				CLANG_WARN_CONSTANT_CONVERSION = YES;
				CLANG_WARN_DEPRECATED_OBJC_IMPLEMENTATIONS = YES;
				CLANG_WARN_DIRECT_OBJC_ISA_USAGE = YES_ERROR;
				CLANG_WARN_DOCUMENTATION_COMMENTS = YES;
				CLANG_WARN_EMPTY_BODY = YES;
				CLANG_WARN_ENUM_CONVERSION = YES;
				CLANG_WARN_INFINITE_RECURSION = YES;
				CLANG_WARN_INT_CONVERSION = YES;
				CLANG_WARN_NON_LITERAL_NULL_CONVERSION = YES;
				CLANG_WARN_OBJC_IMPLICIT_RETAIN_SELF = YES;
				CLANG_WARN_OBJC_LITERAL_CONVERSION = YES;
				CLANG_WARN_OBJC_ROOT_CLASS = YES_ERROR;
				CLANG_WARN_RANGE_LOOP_ANALYSIS = YES;
				CLANG_WARN_STRICT_PROTOTYPES = YES;
				CLANG_WARN_SUSPICIOUS_MOVE = YES;
				CLANG_WARN_UNGUARDED_AVAILABILITY = YES_AGGRESSIVE;
				CLANG_WARN_UNREACHABLE_CODE = YES;
				CLANG_WARN__DUPLICATE_METHOD_MATCH = YES;
				CODE_SIGN_IDENTITY = "iPhone Developer";
				COPY_PHASE_STRIP = NO;
				DEBUG_INFORMATION_FORMAT = dwarf;
				ENABLE_STRICT_OBJC_MSGSEND = YES;
				ENABLE_TESTABILITY = YES;
				GCC_C_LANGUAGE_STANDARD = gnu11;
				GCC_DYNAMIC_NO_PIC = NO;
				GCC_NO_COMMON_BLOCKS = YES;
				GCC_OPTIMIZATION_LEVEL = 0;
				GCC_PREPROCESSOR_DEFINITIONS = (
					"DEBUG=1",
					"$(inherited)",
				);
				GCC_WARN_64_TO_32_BIT_CONVERSION = YES;
				GCC_WARN_ABOUT_RETURN_TYPE = YES_ERROR;
				GCC_WARN_UNDECLARED_SELECTOR = YES;
				GCC_WARN_UNINITIALIZED_AUTOS = YES_AGGRESSIVE;
				GCC_WARN_UNUSED_FUNCTION = YES;
				GCC_WARN_UNUSED_VARIABLE = YES;
				IPHONEOS_DEPLOYMENT_TARGET = 12.1;
				MTL_ENABLE_DEBUG_INFO = INCLUDE_SOURCE;
				MTL_FAST_MATH = YES;
				ONLY_ACTIVE_ARCH = YES;
				SDKROOT = iphoneos;
				SWIFT_ACTIVE_COMPILATION_CONDITIONS = DEBUG;
				SWIFT_OPTIMIZATION_LEVEL = "-Onone";
			};
			name = Debug;
		};
		BFACECDC2243DD5C00DE4BAF /* Release */ = {
			isa = XCBuildConfiguration;
			buildSettings = {
				ALWAYS_SEARCH_USER_PATHS = NO;
				CLANG_ANALYZER_NONNULL = YES;
				CLANG_ANALYZER_NUMBER_OBJECT_CONVERSION = YES_AGGRESSIVE;
				CLANG_CXX_LANGUAGE_STANDARD = "gnu++14";
				CLANG_CXX_LIBRARY = "libc++";
				CLANG_ENABLE_MODULES = YES;
				CLANG_ENABLE_OBJC_ARC = YES;
				CLANG_ENABLE_OBJC_WEAK = YES;
				CLANG_WARN_BLOCK_CAPTURE_AUTORELEASING = YES;
				CLANG_WARN_BOOL_CONVERSION = YES;
				CLANG_WARN_COMMA = YES;
				CLANG_WARN_CONSTANT_CONVERSION = YES;
				CLANG_WARN_DEPRECATED_OBJC_IMPLEMENTATIONS = YES;
				CLANG_WARN_DIRECT_OBJC_ISA_USAGE = YES_ERROR;
				CLANG_WARN_DOCUMENTATION_COMMENTS = YES;
				CLANG_WARN_EMPTY_BODY = YES;
				CLANG_WARN_ENUM_CONVERSION = YES;
				CLANG_WARN_INFINITE_RECURSION = YES;
				CLANG_WARN_INT_CONVERSION = YES;
				CLANG_WARN_NON_LITERAL_NULL_CONVERSION = YES;
				CLANG_WARN_OBJC_IMPLICIT_RETAIN_SELF = YES;
				CLANG_WARN_OBJC_LITERAL_CONVERSION = YES;
				CLANG_WARN_OBJC_ROOT_CLASS = YES_ERROR;
				CLANG_WARN_RANGE_LOOP_ANALYSIS = YES;
				CLANG_WARN_STRICT_PROTOTYPES = YES;
				CLANG_WARN_SUSPICIOUS_MOVE = YES;
				CLANG_WARN_UNGUARDED_AVAILABILITY = YES_AGGRESSIVE;
				CLANG_WARN_UNREACHABLE_CODE = YES;
				CLANG_WARN__DUPLICATE_METHOD_MATCH = YES;
				CODE_SIGN_IDENTITY = "iPhone Developer";
				COPY_PHASE_STRIP = NO;
				DEBUG_INFORMATION_FORMAT = "dwarf-with-dsym";
				ENABLE_NS_ASSERTIONS = NO;
				ENABLE_STRICT_OBJC_MSGSEND = YES;
				GCC_C_LANGUAGE_STANDARD = gnu11;
				GCC_NO_COMMON_BLOCKS = YES;
				GCC_WARN_64_TO_32_BIT_CONVERSION = YES;
				GCC_WARN_ABOUT_RETURN_TYPE = YES_ERROR;
				GCC_WARN_UNDECLARED_SELECTOR = YES;
				GCC_WARN_UNINITIALIZED_AUTOS = YES_AGGRESSIVE;
				GCC_WARN_UNUSED_FUNCTION = YES;
				GCC_WARN_UNUSED_VARIABLE = YES;
				IPHONEOS_DEPLOYMENT_TARGET = 12.1;
				MTL_ENABLE_DEBUG_INFO = NO;
				MTL_FAST_MATH = YES;
				SDKROOT = iphoneos;
				SWIFT_COMPILATION_MODE = wholemodule;
				SWIFT_OPTIMIZATION_LEVEL = "-O";
				VALIDATE_PRODUCT = YES;
			};
			name = Release;
		};
		BFACECDE2243DD5C00DE4BAF /* Debug */ = {
			isa = XCBuildConfiguration;
			buildSettings = {
				ASSETCATALOG_COMPILER_APPICON_NAME = AppIcon;
				CLANG_ENABLE_MODULES = YES;
				CODE_SIGN_STYLE = Automatic;
				INFOPLIST_FILE = SwiftObjcExample/Info.plist;
				LD_RUNPATH_SEARCH_PATHS = (
					"$(inherited)",
					"@executable_path/Frameworks",
				);
				PRODUCT_BUNDLE_IDENTIFIER = com.example.SwiftObjcExample;
				PRODUCT_NAME = "$(TARGET_NAME)";
				SWIFT_OBJC_BRIDGING_HEADER = "SwiftObjcExample/SwiftObjcExample-Bridging-Header.h";
				SWIFT_OPTIMIZATION_LEVEL = "-Onone";
				SWIFT_VERSION = 4.2;
				TARGETED_DEVICE_FAMILY = "1,2";
			};
			name = Debug;
		};
		BFACECDF2243DD5C00DE4BAF /* Release */ = {
			isa = XCBuildConfiguration;
			buildSettings = {
				ASSETCATALOG_COMPILER_APPICON_NAME = AppIcon;
				CLANG_ENABLE_MODULES = YES;
				CODE_SIGN_STYLE = Automatic;
				INFOPLIST_FILE = SwiftObjcExample/Info.plist;
				LD_RUNPATH_SEARCH_PATHS = (
					"$(inherited)",
					"@executable_path/Frameworks",
				);
				PRODUCT_BUNDLE_IDENTIFIER = com.example.SwiftObjcExample;
				PRODUCT_NAME = "$(TARGET_NAME)";
				SWIFT_OBJC_BRIDGING_HEADER = "SwiftObjcExample/SwiftObjcExample-Bridging-Header.h";
				SWIFT_VERSION = 4.2;
				TARGETED_DEVICE_FAMILY = "1,2";
			};
			name = Release;
		};
/* End XCBuildConfiguration section */

/* Begin XCConfigurationList section */
		BFACECB02243DD5B00DE4BAF /* Build configuration list for PBXProject "SwiftObjcExample" */ = {
			isa = XCConfigurationList;
			buildConfigurations = (
				BFACECDB2243DD5C00DE4BAF /* Debug */,
				BFACECDC2243DD5C00DE4BAF /* Release */,
			);
			defaultConfigurationIsVisible = 0;
			defaultConfigurationName = Release;
		};
		BFACECDD2243DD5C00DE4BAF /* Build configuration list for PBXNativeTarget "SwiftObjcExample" */ = {
			isa = XCConfigurationList;
			buildConfigurations = (
				BFACECDE2243DD5C00DE4BAF /* Debug */,
				BFACECDF2243DD5C00DE4BAF /* Release */,
			);
			defaultConfigurationIsVisible = 0;
			defaultConfigurationName = Release;
		};
/* End XCConfigurationList section */
	};
	rootObject = BFACECAD2243DD5B00DE4BAF /* Project object */;
}
